
Microsoft Visual Studio Solution File, Format Version 12.00
# Visual Studio Version 17
VisualStudioVersion = 17.14.36811.4 d17.14
MinimumVisualStudioVersion = 10.0.40219.1
Project("{FAE04EC0-301F-11D3-BF4B-00C04F79EFBC}") = "MinesweeperConsoleApp", "MinesweeperConsoleApp\MinesweeperConsoleApp.csproj", "{E1366DE0-4614-4A19-80B2-84D14E7338DC}"
EndProject
Global
	GlobalSection(SolutionConfigurationPlatforms) = preSolution
		Debug|Any CPU = Debug|Any CPU
		Release|Any CPU = Release|Any CPU
	EndGlobalSection
	GlobalSection(ProjectConfigurationPlatforms) = postSolution
		{E1366DE0-4614-4A19-80B2-84D14E7338DC}.Debug|Any CPU.ActiveCfg = Debug|Any CPU
		{E1366DE0-4614-4A19-80B2-84D14E7338DC}.Debug|Any CPU.Build.0 = Debug|Any CPU
		{E1366DE0-4614-4A19-80B2-84D14E7338DC}.Release|Any CPU.ActiveCfg = Release|Any CPU
		{E1366DE0-4614-4A19-80B2-84D14E7338DC}.Release|Any CPU.Build.0 = Release|Any CPU
	EndGlobalSection
	GlobalSection(SolutionProperties) = preSolution
		HideSolutionNode = FALSE
	EndGlobalSection
	GlobalSection(ExtensibilityGlobals) = postSolution
		SolutionGuid = {B931EE99-330D-4767-B802-880810CF43E0}
	EndGlobalSection
EndGlobal
